// !$*UTF8*$!
{
	archiveVersion = 1;
	classes = {
	};
	objectVersion = 46;
	objects = {

/* Begin PBXBuildFile section */
		D6C0A76C17126D50005B3074 /* main.cpp in Sources */ = {isa = PBXBuildFile; fileRef = D6C0A76B17126D50005B3074 /* main.cpp */; };
		D6C0A76E17126D50005B3074 /* Mechanical_Engine.1 in CopyFiles */ = {isa = PBXBuildFile; fileRef = D6C0A76D17126D50005B3074 /* Mechanical_Engine.1 */; };
		D6C0A77617126DC2005B3074 /* MechanicalCore.cpp in Sources */ = {isa = PBXBuildFile; fileRef = D6C0A77517126DC2005B3074 /* MechanicalCore.cpp */; };
		D6C0A77B17126F98005B3074 /* libGLEW.1.9.0.dylib in Frameworks */ = {isa = PBXBuildFile; fileRef = D6C0A77917126F98005B3074 /* libGLEW.1.9.0.dylib */; };
		D6C0A77C17126F98005B3074 /* libGLEW.a in Frameworks */ = {isa = PBXBuildFile; fileRef = D6C0A77A17126F98005B3074 /* libGLEW.a */; };
		D6C0A77F17126FA4005B3074 /* libglfw.a in Frameworks */ = {isa = PBXBuildFile; fileRef = D6C0A77D17126FA4005B3074 /* libglfw.a */; };
		D6C0A78017126FA4005B3074 /* libglfw.dylib in Frameworks */ = {isa = PBXBuildFile; fileRef = D6C0A77E17126FA4005B3074 /* libglfw.dylib */; };
		D6C0A7831712761F005B3074 /* OpenGL.framework in Frameworks */ = {isa = PBXBuildFile; fileRef = D6C0A7821712761F005B3074 /* OpenGL.framework */; };
		D6C0A78F1713525F005B3074 /* GameState.cpp in Sources */ = {isa = PBXBuildFile; fileRef = D6C0A78D1713525F005B3074 /* GameState.cpp */; };
/* End PBXBuildFile section */

/* Begin PBXCopyFilesBuildPhase section */
		D6C0A76617126D4F005B3074 /* CopyFiles */ = {
			isa = PBXCopyFilesBuildPhase;
			buildActionMask = 2147483647;
			dstPath = /usr/share/man/man1/;
			dstSubfolderSpec = 0;
			files = (
				D6C0A76E17126D50005B3074 /* Mechanical_Engine.1 in CopyFiles */,
			);
			runOnlyForDeploymentPostprocessing = 1;
		};
/* End PBXCopyFilesBuildPhase section */

/* Begin PBXFileReference section */
		D6C0A76817126D4F005B3074 /* Mechanical Engine */ = {isa = PBXFileReference; explicitFileType = "compiled.mach-o.executable"; includeInIndex = 0; path = "Mechanical Engine"; sourceTree = BUILT_PRODUCTS_DIR; };
		D6C0A76B17126D50005B3074 /* main.cpp */ = {isa = PBXFileReference; lastKnownFileType = sourcecode.cpp.cpp; path = main.cpp; sourceTree = "<group>"; };
		D6C0A76D17126D50005B3074 /* Mechanical_Engine.1 */ = {isa = PBXFileReference; lastKnownFileType = text.man; path = Mechanical_Engine.1; sourceTree = "<group>"; };
		D6C0A77517126DC2005B3074 /* MechanicalCore.cpp */ = {isa = PBXFileReference; fileEncoding = 4; lastKnownFileType = sourcecode.cpp.cpp; path = MechanicalCore.cpp; sourceTree = "<group>"; };
		D6C0A77817126F7A005B3074 /* GLLibraries.h */ = {isa = PBXFileReference; lastKnownFileType = sourcecode.c.h; path = GLLibraries.h; sourceTree = "<group>"; };
		D6C0A77917126F98005B3074 /* libGLEW.1.9.0.dylib */ = {isa = PBXFileReference; lastKnownFileType = "compiled.mach-o.dylib"; name = libGLEW.1.9.0.dylib; path = "Mechanical Engine/libGLEW.1.9.0.dylib"; sourceTree = "<group>"; };
		D6C0A77A17126F98005B3074 /* libGLEW.a */ = {isa = PBXFileReference; lastKnownFileType = archive.ar; name = libGLEW.a; path = "Mechanical Engine/libGLEW.a"; sourceTree = "<group>"; };
		D6C0A77D17126FA4005B3074 /* libglfw.a */ = {isa = PBXFileReference; lastKnownFileType = archive.ar; name = libglfw.a; path = "Mechanical Engine/libglfw.a"; sourceTree = "<group>"; };
		D6C0A77E17126FA4005B3074 /* libglfw.dylib */ = {isa = PBXFileReference; lastKnownFileType = "compiled.mach-o.dylib"; name = libglfw.dylib; path = "Mechanical Engine/libglfw.dylib"; sourceTree = "<group>"; };
		D6C0A7821712761F005B3074 /* OpenGL.framework */ = {isa = PBXFileReference; lastKnownFileType = wrapper.framework; name = OpenGL.framework; path = System/Library/Frameworks/OpenGL.framework; sourceTree = SDKROOT; };
		D6C0A784171279F7005B3074 /* EngineMacros.h */ = {isa = PBXFileReference; lastKnownFileType = sourcecode.c.h; path = EngineMacros.h; sourceTree = "<group>"; };
		D6C0A78917128082005B3074 /* State.h */ = {isa = PBXFileReference; fileEncoding = 4; lastKnownFileType = sourcecode.c.h; path = State.h; sourceTree = "<group>"; };
		D6C0A78B17128259005B3074 /* MechanicalCore.h */ = {isa = PBXFileReference; lastKnownFileType = sourcecode.c.h; path = MechanicalCore.h; sourceTree = "<group>"; };
		D6C0A78D1713525F005B3074 /* GameState.cpp */ = {isa = PBXFileReference; fileEncoding = 4; lastKnownFileType = sourcecode.cpp.cpp; path = GameState.cpp; sourceTree = "<group>"; };
		D6C0A78E1713525F005B3074 /* GameState.h */ = {isa = PBXFileReference; fileEncoding = 4; lastKnownFileType = sourcecode.c.h; path = GameState.h; sourceTree = "<group>"; };
/* End PBXFileReference section */

/* Begin PBXFrameworksBuildPhase section */
		D6C0A76517126D4F005B3074 /* Frameworks */ = {
			isa = PBXFrameworksBuildPhase;
			buildActionMask = 2147483647;
			files = (
				D6C0A7831712761F005B3074 /* OpenGL.framework in Frameworks */,
				D6C0A77B17126F98005B3074 /* libGLEW.1.9.0.dylib in Frameworks */,
				D6C0A77C17126F98005B3074 /* libGLEW.a in Frameworks */,
				D6C0A77F17126FA4005B3074 /* libglfw.a in Frameworks */,
				D6C0A78017126FA4005B3074 /* libglfw.dylib in Frameworks */,
			);
			runOnlyForDeploymentPostprocessing = 0;
		};
/* End PBXFrameworksBuildPhase section */

/* Begin PBXGroup section */
		D6C0A75F17126D4F005B3074 = {
			isa = PBXGroup;
			children = (
				D6C0A76A17126D4F005B3074 /* Mechanical Engine */,
				D6C0A78117126FB3005B3074 /* Frameworks */,
				D6C0A76917126D4F005B3074 /* Products */,
			);
			sourceTree = "<group>";
		};
		D6C0A76917126D4F005B3074 /* Products */ = {
			isa = PBXGroup;
			children = (
				D6C0A76817126D4F005B3074 /* Mechanical Engine */,
			);
			name = Products;
			sourceTree = "<group>";
		};
		D6C0A76A17126D4F005B3074 /* Mechanical Engine */ = {
			isa = PBXGroup;
			children = (
				D6C0A77417126DB5005B3074 /* Engine v1.0 */,
				D6C0A78C17135249005B3074 /* States */,
				D6C0A76B17126D50005B3074 /* main.cpp */,
				D6C0A76D17126D50005B3074 /* Mechanical_Engine.1 */,
			);
			path = "Mechanical Engine";
			sourceTree = "<group>";
		};
		D6C0A77417126DB5005B3074 /* Engine v1.0 */ = {
			isa = PBXGroup;
			children = (
				D6C0A77717126F62005B3074 /* Headers */,
				D6C0A78B17128259005B3074 /* MechanicalCore.h */,
				D6C0A77517126DC2005B3074 /* MechanicalCore.cpp */,
				D6C0A78917128082005B3074 /* State.h */,
			);
			name = "Engine v1.0";
			sourceTree = "<group>";
		};
		D6C0A77717126F62005B3074 /* Headers */ = {
			isa = PBXGroup;
			children = (
				D6C0A77817126F7A005B3074 /* GLLibraries.h */,
				D6C0A784171279F7005B3074 /* EngineMacros.h */,
			);
			name = Headers;
			sourceTree = "<group>";
		};
		D6C0A78117126FB3005B3074 /* Frameworks */ = {
			isa = PBXGroup;
			children = (
				D6C0A77917126F98005B3074 /* libGLEW.1.9.0.dylib */,
				D6C0A77A17126F98005B3074 /* libGLEW.a */,
				D6C0A77E17126FA4005B3074 /* libglfw.dylib */,
				D6C0A77D17126FA4005B3074 /* libglfw.a */,
				D6C0A7821712761F005B3074 /* OpenGL.framework */,
			);
			name = Frameworks;
			sourceTree = "<group>";
		};
		D6C0A78C17135249005B3074 /* States */ = {
			isa = PBXGroup;
			children = (
				D6C0A78E1713525F005B3074 /* GameState.h */,
				D6C0A78D1713525F005B3074 /* GameState.cpp */,
			);
			name = States;
			sourceTree = "<group>";
		};
/* End PBXGroup section */

/* Begin PBXNativeTarget section */
		D6C0A76717126D4F005B3074 /* Mechanical Engine */ = {
			isa = PBXNativeTarget;
			buildConfigurationList = D6C0A77117126D50005B3074 /* Build configuration list for PBXNativeTarget "Mechanical Engine" */;
			buildPhases = (
				D6C0A76417126D4F005B3074 /* Sources */,
				D6C0A76517126D4F005B3074 /* Frameworks */,
				D6C0A76617126D4F005B3074 /* CopyFiles */,
			);
			buildRules = (
			);
			dependencies = (
			);
			name = "Mechanical Engine";
			productName = "Mechanical Engine";
			productReference = D6C0A76817126D4F005B3074 /* Mechanical Engine */;
			productType = "com.apple.product-type.tool";
		};
/* End PBXNativeTarget section */

/* Begin PBXProject section */
		D6C0A76017126D4F005B3074 /* Project object */ = {
			isa = PBXProject;
			attributes = {
				LastUpgradeCheck = 0460;
				ORGANIZATIONNAME = Bipolaron;
			};
			buildConfigurationList = D6C0A76317126D4F005B3074 /* Build configuration list for PBXProject "Mechanical Engine" */;
			compatibilityVersion = "Xcode 3.2";
			developmentRegion = English;
			hasScannedForEncodings = 0;
			knownRegions = (
				en,
			);
			mainGroup = D6C0A75F17126D4F005B3074;
			productRefGroup = D6C0A76917126D4F005B3074 /* Products */;
			projectDirPath = "";
			projectRoot = "";
			targets = (
				D6C0A76717126D4F005B3074 /* Mechanical Engine */,
			);
		};
/* End PBXProject section */

/* Begin PBXSourcesBuildPhase section */
		D6C0A76417126D4F005B3074 /* Sources */ = {
			isa = PBXSourcesBuildPhase;
			buildActionMask = 2147483647;
			files = (
				D6C0A76C17126D50005B3074 /* main.cpp in Sources */,
				D6C0A77617126DC2005B3074 /* MechanicalCore.cpp in Sources */,
				D6C0A78F1713525F005B3074 /* GameState.cpp in Sources */,
			);
			runOnlyForDeploymentPostprocessing = 0;
		};
/* End PBXSourcesBuildPhase section */

/* Begin XCBuildConfiguration section */
		D6C0A76F17126D50005B3074 /* Debug */ = {
			isa = XCBuildConfiguration;
			buildSettings = {
				ALWAYS_SEARCH_USER_PATHS = NO;
				ARCHS = "$(ARCHS_STANDARD_64_BIT)";
				CLANG_CXX_LANGUAGE_STANDARD = "gnu++0x";
				CLANG_CXX_LIBRARY = "libc++";
				CLANG_WARN_CONSTANT_CONVERSION = YES;
				CLANG_WARN_EMPTY_BODY = YES;
				CLANG_WARN_ENUM_CONVERSION = YES;
				CLANG_WARN_INT_CONVERSION = YES;
				CLANG_WARN__DUPLICATE_METHOD_MATCH = YES;
				COPY_PHASE_STRIP = NO;
				GCC_C_LANGUAGE_STANDARD = gnu99;
				GCC_DYNAMIC_NO_PIC = NO;
				GCC_ENABLE_OBJC_EXCEPTIONS = YES;
				GCC_OPTIMIZATION_LEVEL = 0;
				GCC_PREPROCESSOR_DEFINITIONS = (
					"DEBUG=1",
					"$(inherited)",
				);
				GCC_SYMBOLS_PRIVATE_EXTERN = NO;
				GCC_WARN_64_TO_32_BIT_CONVERSION = YES;
				GCC_WARN_ABOUT_RETURN_TYPE = YES;
				GCC_WARN_UNINITIALIZED_AUTOS = YES;
				GCC_WARN_UNUSED_VARIABLE = YES;
				MACOSX_DEPLOYMENT_TARGET = 10.8;
				ONLY_ACTIVE_ARCH = YES;
				SDKROOT = macosx;
			};
			name = Debug;
		};
		D6C0A77017126D50005B3074 /* Release */ = {
			isa = XCBuildConfiguration;
			buildSettings = {
				ALWAYS_SEARCH_USER_PATHS = NO;
				ARCHS = "$(ARCHS_STANDARD_64_BIT)";
				CLANG_CXX_LANGUAGE_STANDARD = "gnu++0x";
				CLANG_CXX_LIBRARY = "libc++";
				CLANG_WARN_CONSTANT_CONVERSION = YES;
				CLANG_WARN_EMPTY_BODY = YES;
				CLANG_WARN_ENUM_CONVERSION = YES;
				CLANG_WARN_INT_CONVERSION = YES;
				CLANG_WARN__DUPLICATE_METHOD_MATCH = YES;
				COPY_PHASE_STRIP = YES;
				DEBUG_INFORMATION_FORMAT = "dwarf-with-dsym";
				GCC_C_LANGUAGE_STANDARD = gnu99;
				GCC_ENABLE_OBJC_EXCEPTIONS = YES;
				GCC_WARN_64_TO_32_BIT_CONVERSION = YES;
				GCC_WARN_ABOUT_RETURN_TYPE = YES;
				GCC_WARN_UNINITIALIZED_AUTOS = YES;
				GCC_WARN_UNUSED_VARIABLE = YES;
				MACOSX_DEPLOYMENT_TARGET = 10.8;
				SDKROOT = macosx;
			};
			name = Release;
		};
		D6C0A77217126D50005B3074 /* Debug */ = {
			isa = XCBuildConfiguration;
			buildSettings = {
				HEADER_SEARCH_PATHS = "/usr/local/include/**";
				LIBRARY_SEARCH_PATHS = (
					"$(inherited)",
					"\"$(SRCROOT)/Mechanical Engine\"",
				);
				PRODUCT_NAME = "$(TARGET_NAME)";
			};
			name = Debug;
		};
		D6C0A77317126D50005B3074 /* Release */ = {
			isa = XCBuildConfiguration;
			buildSettings = {
				HEADER_SEARCH_PATHS = "/usr/local/include/**";
				LIBRARY_SEARCH_PATHS = (
					"$(inherited)",
					"\"$(SRCROOT)/Mechanical Engine\"",
				);
				PRODUCT_NAME = "$(TARGET_NAME)";
			};
			name = Release;
		};
/* End XCBuildConfiguration section */

/* Begin XCConfigurationList section */
		D6C0A76317126D4F005B3074 /* Build configuration list for PBXProject "Mechanical Engine" */ = {
			isa = XCConfigurationList;
			buildConfigurations = (
				D6C0A76F17126D50005B3074 /* Debug */,
				D6C0A77017126D50005B3074 /* Release */,
			);
			defaultConfigurationIsVisible = 0;
			defaultConfigurationName = Release;
		};
		D6C0A77117126D50005B3074 /* Build configuration list for PBXNativeTarget "Mechanical Engine" */ = {
			isa = XCConfigurationList;
			buildConfigurations = (
				D6C0A77217126D50005B3074 /* Debug */,
				D6C0A77317126D50005B3074 /* Release */,
			);
			defaultConfigurationIsVisible = 0;
		};
/* End XCConfigurationList section */
	};
	rootObject = D6C0A76017126D4F005B3074 /* Project object */;
}
